
Microsoft Visual Studio Solution File, Format Version 12.00
# Visual Studio 15
VisualStudioVersion = 15.0.27004.2005
MinimumVisualStudioVersion = 10.0.40219.1
Project("{FAE04EC0-301F-11D3-BF4B-00C04F79EFBC}") = "wpf_2", "wpf_2\wpf_2.csproj", "{175F1F54-87CA-466D-8D77-45CE3D272C20}"
EndProject
Global
	GlobalSection(SolutionConfigurationPlatforms) = preSolution
		Debug|Any CPU = Debug|Any CPU
		Release|Any CPU = Release|Any CPU
	EndGlobalSection
	GlobalSection(ProjectConfigurationPlatforms) = postSolution
		{175F1F54-87CA-466D-8D77-45CE3D272C20}.Debug|Any CPU.ActiveCfg = Debug|Any CPU
		{175F1F54-87CA-466D-8D77-45CE3D272C20}.Debug|Any CPU.Build.0 = Debug|Any CPU
		{175F1F54-87CA-466D-8D77-45CE3D272C20}.Release|Any CPU.ActiveCfg = Release|Any CPU
		{175F1F54-87CA-466D-8D77-45CE3D272C20}.Release|Any CPU.Build.0 = Release|Any CPU
	EndGlobalSection
	GlobalSection(SolutionProperties) = preSolution
		HideSolutionNode = FALSE
	EndGlobalSection
	GlobalSection(ExtensibilityGlobals) = postSolution
		SolutionGuid = {75E9377C-2667-4EE6-944D-E3E7756B38F8}
	EndGlobalSection
EndGlobal
