
Microsoft Visual Studio Solution File, Format Version 12.00
# Visual Studio 15
VisualStudioVersion = 15.0.27004.2005
MinimumVisualStudioVersion = 10.0.40219.1
Project("{FAE04EC0-301F-11D3-BF4B-00C04F79EFBC}") = "wpf_1", "wpf_1\wpf_1.csproj", "{5C8877D6-E112-4BAA-8734-88B663737934}"
EndProject
Global
	GlobalSection(SolutionConfigurationPlatforms) = preSolution
		Debug|Any CPU = Debug|Any CPU
		Release|Any CPU = Release|Any CPU
	EndGlobalSection
	GlobalSection(ProjectConfigurationPlatforms) = postSolution
		{5C8877D6-E112-4BAA-8734-88B663737934}.Debug|Any CPU.ActiveCfg = Debug|Any CPU
		{5C8877D6-E112-4BAA-8734-88B663737934}.Debug|Any CPU.Build.0 = Debug|Any CPU
		{5C8877D6-E112-4BAA-8734-88B663737934}.Release|Any CPU.ActiveCfg = Release|Any CPU
		{5C8877D6-E112-4BAA-8734-88B663737934}.Release|Any CPU.Build.0 = Release|Any CPU
	EndGlobalSection
	GlobalSection(SolutionProperties) = preSolution
		HideSolutionNode = FALSE
	EndGlobalSection
	GlobalSection(ExtensibilityGlobals) = postSolution
		SolutionGuid = {5FD993EA-C3A7-43E6-89E1-9149D6CAC99F}
	EndGlobalSection
EndGlobal
